
Microsoft Visual Studio Solution File, Format Version 12.00
# Visual Studio 15
VisualStudioVersion = 15.0.28010.2036
MinimumVisualStudioVersion = 10.0.40219.1
Project("{FAE04EC0-301F-11D3-BF4B-00C04F79EFBC}") = "Petrol_Truly_Unlimited_Forms", "Petrol_Truly_Unlimited_Forms\Petrol_Truly_Unlimited_Forms.csproj", "{5BA9485A-F40C-41B7-BDF4-87025C73241C}"
EndProject
Global
	GlobalSection(SolutionConfigurationPlatforms) = preSolution
		Debug|Any CPU = Debug|Any CPU
		Release|Any CPU = Release|Any CPU
	EndGlobalSection
	GlobalSection(ProjectConfigurationPlatforms) = postSolution
		{5BA9485A-F40C-41B7-BDF4-87025C73241C}.Debug|Any CPU.ActiveCfg = Debug|Any CPU
		{5BA9485A-F40C-41B7-BDF4-87025C73241C}.Debug|Any CPU.Build.0 = Debug|Any CPU
		{5BA9485A-F40C-41B7-BDF4-87025C73241C}.Release|Any CPU.ActiveCfg = Release|Any CPU
		{5BA9485A-F40C-41B7-BDF4-87025C73241C}.Release|Any CPU.Build.0 = Release|Any CPU
	EndGlobalSection
	GlobalSection(SolutionProperties) = preSolution
		HideSolutionNode = FALSE
	EndGlobalSection
	GlobalSection(ExtensibilityGlobals) = postSolution
		SolutionGuid = {42DBEBE5-FDA9-4863-9CD2-717A80080F9B}
	EndGlobalSection
EndGlobal
